// !$*UTF8*$!
{
	archiveVersion = 1;
	classes = {
	};
	objectVersion = 46;
	objects = {

/* Begin PBXBuildFile section */
		BE3222081E2DC50C00E62AFD /* AVFoundation.framework in Frameworks */ = {isa = PBXBuildFile; fileRef = BE3222071E2DC50C00E62AFD /* AVFoundation.framework */; };
		BE7B0A2C1DD46AE700B4EAE9 /* Foundation.framework in Frameworks */ = {isa = PBXBuildFile; fileRef = BE7B0A2B1DD46AE700B4EAE9 /* Foundation.framework */; };
		BE7B0A2E1DD46AE700B4EAE9 /* UIKit.framework in Frameworks */ = {isa = PBXBuildFile; fileRef = BE7B0A2D1DD46AE700B4EAE9 /* UIKit.framework */; };
		BE7B0A3A1DD46AE700B4EAE9 /* WeChatHelper.m in Sources */ = {isa = PBXBuildFile; fileRef = BE7B0A391DD46AE700B4EAE9 /* WeChatHelper.m */; };
		BE7B0A441DD46AF700B4EAE9 /* CaptainHook.h in Headers */ = {isa = PBXBuildFile; fileRef = BE7B0A431DD46AF700B4EAE9 /* CaptainHook.h */; };
		BEDE82A51DD56CB00077A272 /* WeChatHelperController.h in Headers */ = {isa = PBXBuildFile; fileRef = BEDE82A31DD56CB00077A272 /* WeChatHelperController.h */; };
		BEDE82A61DD56CB00077A272 /* WeChatHelperController.m in Sources */ = {isa = PBXBuildFile; fileRef = BEDE82A41DD56CB00077A272 /* WeChatHelperController.m */; };
		BEDE82A91DD58A940077A272 /* WeChatHelperSetting.h in Headers */ = {isa = PBXBuildFile; fileRef = BEDE82A71DD58A940077A272 /* WeChatHelperSetting.h */; };
		BEDE82AA1DD58A940077A272 /* WeChatHelperSetting.m in Sources */ = {isa = PBXBuildFile; fileRef = BEDE82A81DD58A940077A272 /* WeChatHelperSetting.m */; };
		BEDE82D81DD5D3490077A272 /* WeChatMapController.h in Headers */ = {isa = PBXBuildFile; fileRef = BEDE82D61DD5D3490077A272 /* WeChatMapController.h */; };
		BEDE82D91DD5D3490077A272 /* WeChatMapController.m in Sources */ = {isa = PBXBuildFile; fileRef = BEDE82D71DD5D3490077A272 /* WeChatMapController.m */; };
		BEDE82DB1DD5D5750077A272 /* MapKit.framework in Frameworks */ = {isa = PBXBuildFile; fileRef = BEDE82DA1DD5D5750077A272 /* MapKit.framework */; };
		BEDE82DC1DD5D58C0077A272 /* CoreLocation.framework in Frameworks */ = {isa = PBXBuildFile; fileRef = BEDE82AC1DD5AF3A0077A272 /* CoreLocation.framework */; };
/* End PBXBuildFile section */

/* Begin PBXFileReference section */
		BE3222071E2DC50C00E62AFD /* AVFoundation.framework */ = {isa = PBXFileReference; lastKnownFileType = wrapper.framework; name = AVFoundation.framework; path = System/Library/Frameworks/AVFoundation.framework; sourceTree = SDKROOT; };
		BE7B0A281DD46AE700B4EAE9 /* libWeChatHelper.dylib */ = {isa = PBXFileReference; explicitFileType = "compiled.mach-o.dylib"; includeInIndex = 0; path = libWeChatHelper.dylib; sourceTree = BUILT_PRODUCTS_DIR; };
		BE7B0A2B1DD46AE700B4EAE9 /* Foundation.framework */ = {isa = PBXFileReference; lastKnownFileType = wrapper.framework; name = Foundation.framework; path = System/Library/Frameworks/Foundation.framework; sourceTree = SDKROOT; };
		BE7B0A2D1DD46AE700B4EAE9 /* UIKit.framework */ = {isa = PBXFileReference; lastKnownFileType = wrapper.framework; name = UIKit.framework; path = System/Library/Frameworks/UIKit.framework; sourceTree = SDKROOT; };
		BE7B0A321DD46AE700B4EAE9 /* control.txt */ = {isa = PBXFileReference; lastKnownFileType = text; name = control.txt; path = Package/DEBIAN/control.txt; sourceTree = "<group>"; };
		BE7B0A331DD46AE700B4EAE9 /* control */ = {isa = PBXFileReference; lastKnownFileType = text; name = control; path = Package/DEBIAN/control; sourceTree = "<group>"; };
		BE7B0A351DD46AE700B4EAE9 /* PackageVersion.plist */ = {isa = PBXFileReference; lastKnownFileType = text.plist.xml; path = PackageVersion.plist; sourceTree = "<group>"; };
		BE7B0A361DD46AE700B4EAE9 /* WeChatHelper-Prefix.pch */ = {isa = PBXFileReference; lastKnownFileType = sourcecode.c.h; path = "WeChatHelper-Prefix.pch"; sourceTree = "<group>"; };
		BE7B0A391DD46AE700B4EAE9 /* WeChatHelper.m */ = {isa = PBXFileReference; lastKnownFileType = sourcecode.c.objc; path = WeChatHelper.m; sourceTree = "<group>"; };
		BE7B0A3D1DD46AE700B4EAE9 /* 0xdeadfa11 */ = {isa = PBXFileReference; lastKnownFileType = text; name = 0xdeadfa11; path = Package/usr/lib/0xdeadfa11; sourceTree = "<group>"; };
		BE7B0A431DD46AF700B4EAE9 /* CaptainHook.h */ = {isa = PBXFileReference; fileEncoding = 4; lastKnownFileType = sourcecode.c.h; path = CaptainHook.h; sourceTree = "<group>"; };
		BEDE82A31DD56CB00077A272 /* WeChatHelperController.h */ = {isa = PBXFileReference; fileEncoding = 4; lastKnownFileType = sourcecode.c.h; path = WeChatHelperController.h; sourceTree = "<group>"; };
		BEDE82A41DD56CB00077A272 /* WeChatHelperController.m */ = {isa = PBXFileReference; fileEncoding = 4; lastKnownFileType = sourcecode.c.objc; path = WeChatHelperController.m; sourceTree = "<group>"; };
		BEDE82A71DD58A940077A272 /* WeChatHelperSetting.h */ = {isa = PBXFileReference; fileEncoding = 4; lastKnownFileType = sourcecode.c.h; path = WeChatHelperSetting.h; sourceTree = "<group>"; };
		BEDE82A81DD58A940077A272 /* WeChatHelperSetting.m */ = {isa = PBXFileReference; fileEncoding = 4; lastKnownFileType = sourcecode.c.objc; path = WeChatHelperSetting.m; sourceTree = "<group>"; };
		BEDE82AC1DD5AF3A0077A272 /* CoreLocation.framework */ = {isa = PBXFileReference; lastKnownFileType = wrapper.framework; name = CoreLocation.framework; path = System/Library/Frameworks/CoreLocation.framework; sourceTree = SDKROOT; };
		BEDE82D61DD5D3490077A272 /* WeChatMapController.h */ = {isa = PBXFileReference; fileEncoding = 4; lastKnownFileType = sourcecode.c.h; path = WeChatMapController.h; sourceTree = "<group>"; };
		BEDE82D71DD5D3490077A272 /* WeChatMapController.m */ = {isa = PBXFileReference; fileEncoding = 4; lastKnownFileType = sourcecode.c.objc; path = WeChatMapController.m; sourceTree = "<group>"; };
		BEDE82DA1DD5D5750077A272 /* MapKit.framework */ = {isa = PBXFileReference; lastKnownFileType = wrapper.framework; name = MapKit.framework; path = System/Library/Frameworks/MapKit.framework; sourceTree = SDKROOT; };
/* End PBXFileReference section */

/* Begin PBXFrameworksBuildPhase section */
		BE7B0A241DD46AE700B4EAE9 /* Frameworks */ = {
			isa = PBXFrameworksBuildPhase;
			buildActionMask = 2147483647;
			files = (
				BE3222081E2DC50C00E62AFD /* AVFoundation.framework in Frameworks */,
				BEDE82DC1DD5D58C0077A272 /* CoreLocation.framework in Frameworks */,
				BEDE82DB1DD5D5750077A272 /* MapKit.framework in Frameworks */,
				BE7B0A2C1DD46AE700B4EAE9 /* Foundation.framework in Frameworks */,
				BE7B0A2E1DD46AE700B4EAE9 /* UIKit.framework in Frameworks */,
			);
			runOnlyForDeploymentPostprocessing = 0;
		};
/* End PBXFrameworksBuildPhase section */

/* Begin PBXGroup section */
		BE7B0A1E1DD46AE700B4EAE9 = {
			isa = PBXGroup;
			children = (
				BE7B0A2F1DD46AE700B4EAE9 /* WeChatHelper */,
				BE7B0A2A1DD46AE700B4EAE9 /* Frameworks */,
				BE7B0A291DD46AE700B4EAE9 /* Products */,
			);
			sourceTree = "<group>";
		};
		BE7B0A291DD46AE700B4EAE9 /* Products */ = {
			isa = PBXGroup;
			children = (
				BE7B0A281DD46AE700B4EAE9 /* libWeChatHelper.dylib */,
			);
			name = Products;
			sourceTree = "<group>";
		};
		BE7B0A2A1DD46AE700B4EAE9 /* Frameworks */ = {
			isa = PBXGroup;
			children = (
				BE3222071E2DC50C00E62AFD /* AVFoundation.framework */,
				BEDE82DA1DD5D5750077A272 /* MapKit.framework */,
				BEDE82AC1DD5AF3A0077A272 /* CoreLocation.framework */,
				BE7B0A2B1DD46AE700B4EAE9 /* Foundation.framework */,
				BE7B0A2D1DD46AE700B4EAE9 /* UIKit.framework */,
			);
			name = Frameworks;
			sourceTree = "<group>";
		};
		BE7B0A2F1DD46AE700B4EAE9 /* WeChatHelper */ = {
			isa = PBXGroup;
			children = (
				BE7B0A431DD46AF700B4EAE9 /* CaptainHook.h */,
				BE7B0A391DD46AE700B4EAE9 /* WeChatHelper.m */,
				BEDE82A31DD56CB00077A272 /* WeChatHelperController.h */,
				BEDE82A41DD56CB00077A272 /* WeChatHelperController.m */,
				BEDE82D61DD5D3490077A272 /* WeChatMapController.h */,
				BEDE82D71DD5D3490077A272 /* WeChatMapController.m */,
				BEDE82A71DD58A940077A272 /* WeChatHelperSetting.h */,
				BEDE82A81DD58A940077A272 /* WeChatHelperSetting.m */,
				BE7B0A301DD46AE700B4EAE9 /* Package */,
				BE7B0A341DD46AE700B4EAE9 /* Supporting Files */,
			);
			path = WeChatHelper;
			sourceTree = "<group>";
		};
		BE7B0A301DD46AE700B4EAE9 /* Package */ = {
			isa = PBXGroup;
			children = (
				BE7B0A311DD46AE700B4EAE9 /* DEBIAN */,
				BE7B0A3B1DD46AE700B4EAE9 /* usr */,
			);
			name = Package;
			sourceTree = "<group>";
		};
		BE7B0A311DD46AE700B4EAE9 /* DEBIAN */ = {
			isa = PBXGroup;
			children = (
				BE7B0A321DD46AE700B4EAE9 /* control.txt */,
				BE7B0A331DD46AE700B4EAE9 /* control */,
			);
			name = DEBIAN;
			sourceTree = "<group>";
		};
		BE7B0A341DD46AE700B4EAE9 /* Supporting Files */ = {
			isa = PBXGroup;
			children = (
				BE7B0A351DD46AE700B4EAE9 /* PackageVersion.plist */,
				BE7B0A361DD46AE700B4EAE9 /* WeChatHelper-Prefix.pch */,
			);
			name = "Supporting Files";
			sourceTree = "<group>";
		};
		BE7B0A3B1DD46AE700B4EAE9 /* usr */ = {
			isa = PBXGroup;
			children = (
				BE7B0A3C1DD46AE700B4EAE9 /* lib */,
			);
			name = usr;
			sourceTree = "<group>";
		};
		BE7B0A3C1DD46AE700B4EAE9 /* lib */ = {
			isa = PBXGroup;
			children = (
				BE7B0A3D1DD46AE700B4EAE9 /* 0xdeadfa11 */,
			);
			name = lib;
			sourceTree = "<group>";
		};
/* End PBXGroup section */

/* Begin PBXHeadersBuildPhase section */
		BE7B0A251DD46AE700B4EAE9 /* Headers */ = {
			isa = PBXHeadersBuildPhase;
			buildActionMask = 2147483647;
			files = (
				BEDE82A51DD56CB00077A272 /* WeChatHelperController.h in Headers */,
				BEDE82D81DD5D3490077A272 /* WeChatMapController.h in Headers */,
				BE7B0A441DD46AF700B4EAE9 /* CaptainHook.h in Headers */,
				BEDE82A91DD58A940077A272 /* WeChatHelperSetting.h in Headers */,
			);
			runOnlyForDeploymentPostprocessing = 0;
		};
/* End PBXHeadersBuildPhase section */

/* Begin PBXNativeTarget section */
		BE7B0A271DD46AE700B4EAE9 /* WeChatHelper */ = {
			isa = PBXNativeTarget;
			buildConfigurationList = BE7B0A401DD46AE700B4EAE9 /* Build configuration list for PBXNativeTarget "WeChatHelper" */;
			buildPhases = (
				BE7B0A231DD46AE700B4EAE9 /* Sources */,
				BE7B0A241DD46AE700B4EAE9 /* Frameworks */,
				BE7B0A251DD46AE700B4EAE9 /* Headers */,
				BE7B0A261DD46AE700B4EAE9 /* ShellScript */,
			);
			buildRules = (
			);
			dependencies = (
			);
			name = WeChatHelper;
			productName = WeChatHelper;
			productReference = BE7B0A281DD46AE700B4EAE9 /* libWeChatHelper.dylib */;
			productType = "com.apple.product-type.library.dynamic";
		};
/* End PBXNativeTarget section */

/* Begin PBXProject section */
		BE7B0A1F1DD46AE700B4EAE9 /* Project object */ = {
			isa = PBXProject;
			attributes = {
				LastUpgradeCheck = 0810;
				TargetAttributes = {
					BE7B0A271DD46AE700B4EAE9 = {
						CreatedOnToolsVersion = 8.1;
						DevelopmentTeam = S6ZSA2VV9P;
						ProvisioningStyle = Automatic;
					};
				};
			};
			buildConfigurationList = BE7B0A221DD46AE700B4EAE9 /* Build configuration list for PBXProject "WeChatHelper" */;
			compatibilityVersion = "Xcode 3.2";
			developmentRegion = English;
			hasScannedForEncodings = 0;
			knownRegions = (
				en,
			);
			mainGroup = BE7B0A1E1DD46AE700B4EAE9;
			productRefGroup = BE7B0A291DD46AE700B4EAE9 /* Products */;
			projectDirPath = "";
			projectRoot = "";
			targets = (
				BE7B0A271DD46AE700B4EAE9 /* WeChatHelper */,
			);
		};
/* End PBXProject section */

/* Begin PBXShellScriptBuildPhase section */
		BE7B0A261DD46AE700B4EAE9 /* ShellScript */ = {
			isa = PBXShellScriptBuildPhase;
			buildActionMask = 2147483647;
			files = (
			);
			inputPaths = (
			);
			outputPaths = (
			);
			runOnlyForDeploymentPostprocessing = 0;
			shellPath = /bin/sh;
			shellScript = "/opt/iOSOpenDev/bin/iosod --xcbp";
		};
/* End PBXShellScriptBuildPhase section */

/* Begin PBXSourcesBuildPhase section */
		BE7B0A231DD46AE700B4EAE9 /* Sources */ = {
			isa = PBXSourcesBuildPhase;
			buildActionMask = 2147483647;
			files = (
				BE7B0A3A1DD46AE700B4EAE9 /* WeChatHelper.m in Sources */,
				BEDE82A61DD56CB00077A272 /* WeChatHelperController.m in Sources */,
				BEDE82D91DD5D3490077A272 /* WeChatMapController.m in Sources */,
				BEDE82AA1DD58A940077A272 /* WeChatHelperSetting.m in Sources */,
			);
			runOnlyForDeploymentPostprocessing = 0;
		};
/* End PBXSourcesBuildPhase section */

/* Begin XCBuildConfiguration section */
		BE7B0A3E1DD46AE700B4EAE9 /* Debug */ = {
			isa = XCBuildConfiguration;
			buildSettings = {
				COPY_PHASE_STRIP = NO;
				EXCLUDED_RECURSIVE_SEARCH_PATH_SUBDIRECTORIES = "*.nib *.lproj *.gch (*) .DS_Store CVS .svn .git .hg *.xcodeproj *.xcode *.pbproj *.pbxproj";
				FRAMEWORK_SEARCH_PATHS = (
					"$(iOSOpenDevPath)/frameworks/**",
					"$(SDKROOT)/System/Library/PrivateFrameworks",
				);
				GCC_C_LANGUAGE_STANDARD = gnu99;
				GCC_DYNAMIC_NO_PIC = NO;
				GCC_OPTIMIZATION_LEVEL = 0;
				GCC_PREPROCESSOR_DEFINITIONS = (
					"DEBUG=1",
					"$(inherited)",
				);
				GCC_SYMBOLS_PRIVATE_EXTERN = NO;
				GCC_WARN_ABOUT_MISSING_PROTOTYPES = YES;
				GCC_WARN_ABOUT_RETURN_TYPE = YES;
				GCC_WARN_UNUSED_VARIABLE = YES;
				HEADER_SEARCH_PATHS = "$(iOSOpenDevPath)/include/**";
				IPHONEOS_DEPLOYMENT_TARGET = 10.1;
				LIBRARY_SEARCH_PATHS = "$(iOSOpenDevPath)/lib/**";
				SDKROOT = iphoneos;
				TARGETED_DEVICE_FAMILY = "1,2";
				VALIDATE_PRODUCT = NO;
				iOSOpenDevPath = /opt/iOSOpenDev;
			};
			name = Debug;
		};
		BE7B0A3F1DD46AE700B4EAE9 /* Release */ = {
			isa = XCBuildConfiguration;
			buildSettings = {
				COPY_PHASE_STRIP = YES;
				EXCLUDED_RECURSIVE_SEARCH_PATH_SUBDIRECTORIES = "*.nib *.lproj *.gch (*) .DS_Store CVS .svn .git .hg *.xcodeproj *.xcode *.pbproj *.pbxproj";
				FRAMEWORK_SEARCH_PATHS = (
					"$(iOSOpenDevPath)/frameworks/**",
					"$(SDKROOT)/System/Library/PrivateFrameworks",
				);
				GCC_C_LANGUAGE_STANDARD = gnu99;
				GCC_WARN_ABOUT_MISSING_PROTOTYPES = YES;
				GCC_WARN_ABOUT_RETURN_TYPE = YES;
				GCC_WARN_UNUSED_VARIABLE = YES;
				HEADER_SEARCH_PATHS = "$(iOSOpenDevPath)/include/**";
				IPHONEOS_DEPLOYMENT_TARGET = 10.1;
				LIBRARY_SEARCH_PATHS = "$(iOSOpenDevPath)/lib/**";
				SDKROOT = iphoneos;
				TARGETED_DEVICE_FAMILY = "1,2";
				VALIDATE_PRODUCT = YES;
				iOSOpenDevPath = /opt/iOSOpenDev;
			};
			name = Release;
		};
		BE7B0A411DD46AE700B4EAE9 /* Debug */ = {
			isa = XCBuildConfiguration;
			buildSettings = {
				CODE_SIGN_IDENTITY = "";
				DEVELOPMENT_TEAM = S6ZSA2VV9P;
				DYLIB_COMPATIBILITY_VERSION = 1;
				DYLIB_CURRENT_VERSION = 1;
				EXECUTABLE_PREFIX = lib;
				GCC_PRECOMPILE_PREFIX_HEADER = YES;
				GCC_PREFIX_HEADER = "WeChatHelper/WeChatHelper-Prefix.pch";
				INSTALL_PATH = /usr/lib;
				IPHONEOS_DEPLOYMENT_TARGET = 7.0;
				PRODUCT_NAME = "$(TARGET_NAME)";
				iOSOpenDevBuildPackageOnAnyBuild = NO;
				iOSOpenDevCopyOnBuild = NO;
				iOSOpenDevDevice = "";
				iOSOpenDevInstallOnAnyBuild = NO;
				iOSOpenDevInstallOnProfiling = YES;
				iOSOpenDevRespringOnInstall = YES;
				iOSOpenDevUsePackageVersionPList = YES;
			};
			name = Debug;
		};
		BE7B0A421DD46AE700B4EAE9 /* Release */ = {
			isa = XCBuildConfiguration;
			buildSettings = {
				CODE_SIGN_IDENTITY = "";
				DEVELOPMENT_TEAM = S6ZSA2VV9P;
				DYLIB_COMPATIBILITY_VERSION = 1;
				DYLIB_CURRENT_VERSION = 1;
				EXECUTABLE_PREFIX = lib;
				GCC_PRECOMPILE_PREFIX_HEADER = YES;
				GCC_PREFIX_HEADER = "WeChatHelper/WeChatHelper-Prefix.pch";
				INSTALL_PATH = /usr/lib;
				IPHONEOS_DEPLOYMENT_TARGET = 7.0;
				PRODUCT_NAME = "$(TARGET_NAME)";
				iOSOpenDevBuildPackageOnAnyBuild = NO;
				iOSOpenDevCopyOnBuild = NO;
				iOSOpenDevDevice = "";
				iOSOpenDevInstallOnAnyBuild = NO;
				iOSOpenDevInstallOnProfiling = YES;
				iOSOpenDevRespringOnInstall = YES;
				iOSOpenDevUsePackageVersionPList = YES;
			};
			name = Release;
		};
/* End XCBuildConfiguration section */

/* Begin XCConfigurationList section */
		BE7B0A221DD46AE700B4EAE9 /* Build configuration list for PBXProject "WeChatHelper" */ = {
			isa = XCConfigurationList;
			buildConfigurations = (
				BE7B0A3E1DD46AE700B4EAE9 /* Debug */,
				BE7B0A3F1DD46AE700B4EAE9 /* Release */,
			);
			defaultConfigurationIsVisible = 0;
			defaultConfigurationName = Release;
		};
		BE7B0A401DD46AE700B4EAE9 /* Build configuration list for PBXNativeTarget "WeChatHelper" */ = {
			isa = XCConfigurationList;
			buildConfigurations = (
				BE7B0A411DD46AE700B4EAE9 /* Debug */,
				BE7B0A421DD46AE700B4EAE9 /* Release */,
			);
			defaultConfigurationIsVisible = 0;
			defaultConfigurationName = Release;
		};
/* End XCConfigurationList section */
	};
	rootObject = BE7B0A1F1DD46AE700B4EAE9 /* Project object */;
}
